
Microsoft Visual Studio Solution File, Format Version 12.00
Project("{FAE04EC0-301F-11D3-BF4B-00C04F79EFBC}") = "Automation", "Automation\Automation.csproj", "{CD9EA9B6-88C7-417F-B9AC-B43FF6500001}"
EndProject
Project("{FAE04EC0-301F-11D3-BF4B-00C04F79EFBC}") = "SmartPower", "SmartPower\SmartPower.csproj", "{8E118562-AF70-4754-8746-D8B39E94DF73}"
EndProject
Project("{FAE04EC0-301F-11D3-BF4B-00C04F79EFBC}") = "TimberCommons", "TimberCommons\TimberCommons.csproj", "{355F4AD6-697F-483A-B8BF-69AE410A168A}"
EndProject
Project("{FAE04EC0-301F-11D3-BF4B-00C04F79EFBC}") = "TimberUI", "TimberUI\TimberUI.csproj", "{3D744A82-514A-4BE8-99CF-39C3BCC6FD4F}"
EndProject
Project("{FAE04EC0-301F-11D3-BF4B-00C04F79EFBC}") = "AutomationForModdableWeather", "AutomationForModdableWeather\AutomationForModdableWeather.csproj", "{C62CC214-5F74-4B88-86DD-DDA718AB5094}"
EndProject
Project("{FAE04EC0-301F-11D3-BF4B-00C04F79EFBC}") = "TestParser", "TestParser\TestParser.csproj", "{D8FD1432-85C3-4EB8-9E91-2711D83C23F2}"
EndProject
Project("{FAE04EC0-301F-11D3-BF4B-00C04F79EFBC}") = "CustomTools", "CustomTools\CustomTools.csproj", "{C7748F6F-6A16-46D3-8784-CD1DCABA420A}"
EndProject
Global
	GlobalSection(SolutionConfigurationPlatforms) = preSolution
		Debug|Any CPU = Debug|Any CPU
		Release|Any CPU = Release|Any CPU
	EndGlobalSection
	GlobalSection(ProjectConfigurationPlatforms) = postSolution
		{CD9EA9B6-88C7-417F-B9AC-B43FF6500001}.Release|Any CPU.ActiveCfg = Release|Any CPU
		{CD9EA9B6-88C7-417F-B9AC-B43FF6500001}.Release|Any CPU.Build.0 = Release|Any CPU
		{CD9EA9B6-88C7-417F-B9AC-B43FF6500001}.Debug|Any CPU.ActiveCfg = Debug|Any CPU
		{CD9EA9B6-88C7-417F-B9AC-B43FF6500001}.Debug|Any CPU.Build.0 = Debug|Any CPU
		{8E118562-AF70-4754-8746-D8B39E94DF73}.Debug|Any CPU.ActiveCfg = Debug|Any CPU
		{8E118562-AF70-4754-8746-D8B39E94DF73}.Debug|Any CPU.Build.0 = Debug|Any CPU
		{8E118562-AF70-4754-8746-D8B39E94DF73}.Release|Any CPU.ActiveCfg = Release|Any CPU
		{8E118562-AF70-4754-8746-D8B39E94DF73}.Release|Any CPU.Build.0 = Release|Any CPU
		{355F4AD6-697F-483A-B8BF-69AE410A168A}.Debug|Any CPU.ActiveCfg = Debug|Any CPU
		{355F4AD6-697F-483A-B8BF-69AE410A168A}.Debug|Any CPU.Build.0 = Debug|Any CPU
		{355F4AD6-697F-483A-B8BF-69AE410A168A}.Release|Any CPU.ActiveCfg = Release|Any CPU
		{355F4AD6-697F-483A-B8BF-69AE410A168A}.Release|Any CPU.Build.0 = Release|Any CPU
		{3D744A82-514A-4BE8-99CF-39C3BCC6FD4F}.Debug|Any CPU.ActiveCfg = Debug|Any CPU
		{3D744A82-514A-4BE8-99CF-39C3BCC6FD4F}.Debug|Any CPU.Build.0 = Debug|Any CPU
		{3D744A82-514A-4BE8-99CF-39C3BCC6FD4F}.Release|Any CPU.ActiveCfg = Release|Any CPU
		{3D744A82-514A-4BE8-99CF-39C3BCC6FD4F}.Release|Any CPU.Build.0 = Release|Any CPU
		{C62CC214-5F74-4B88-86DD-DDA718AB5094}.Debug|Any CPU.ActiveCfg = Debug|Any CPU
		{C62CC214-5F74-4B88-86DD-DDA718AB5094}.Debug|Any CPU.Build.0 = Debug|Any CPU
		{C62CC214-5F74-4B88-86DD-DDA718AB5094}.Release|Any CPU.ActiveCfg = Release|Any CPU
		{C62CC214-5F74-4B88-86DD-DDA718AB5094}.Release|Any CPU.Build.0 = Release|Any CPU
		{D8FD1432-85C3-4EB8-9E91-2711D83C23F2}.Debug|Any CPU.ActiveCfg = Debug|Any CPU
		{D8FD1432-85C3-4EB8-9E91-2711D83C23F2}.Debug|Any CPU.Build.0 = Debug|Any CPU
		{D8FD1432-85C3-4EB8-9E91-2711D83C23F2}.Release|Any CPU.ActiveCfg = Release|Any CPU
		{D8FD1432-85C3-4EB8-9E91-2711D83C23F2}.Release|Any CPU.Build.0 = Release|Any CPU
		{C7748F6F-6A16-46D3-8784-CD1DCABA420A}.Debug|Any CPU.ActiveCfg = Debug|Any CPU
		{C7748F6F-6A16-46D3-8784-CD1DCABA420A}.Debug|Any CPU.Build.0 = Debug|Any CPU
		{C7748F6F-6A16-46D3-8784-CD1DCABA420A}.Release|Any CPU.ActiveCfg = Release|Any CPU
		{C7748F6F-6A16-46D3-8784-CD1DCABA420A}.Release|Any CPU.Build.0 = Release|Any CPU
	EndGlobalSection
EndGlobal
